
Microsoft Visual Studio Solution File, Format Version 12.00
# Visual Studio Version 17
VisualStudioVersion = 17.7.34221.43
MinimumVisualStudioVersion = 10.0.40219.1
Project("{FAE04EC0-301F-11D3-BF4B-00C04F79EFBC}") = "OOP", "Test OOP\OOP.csproj", "{2BCEF2CE-6BAF-4DA6-A50D-81014694D64F}"
EndProject
Global
	GlobalSection(SolutionConfigurationPlatforms) = preSolution
		Debug|Any CPU = Debug|Any CPU
		Release|Any CPU = Release|Any CPU
	EndGlobalSection
	GlobalSection(ProjectConfigurationPlatforms) = postSolution
		{2BCEF2CE-6BAF-4DA6-A50D-81014694D64F}.Debug|Any CPU.ActiveCfg = Debug|Any CPU
		{2BCEF2CE-6BAF-4DA6-A50D-81014694D64F}.Debug|Any CPU.Build.0 = Debug|Any CPU
		{2BCEF2CE-6BAF-4DA6-A50D-81014694D64F}.Release|Any CPU.ActiveCfg = Release|Any CPU
		{2BCEF2CE-6BAF-4DA6-A50D-81014694D64F}.Release|Any CPU.Build.0 = Release|Any CPU
	EndGlobalSection
	GlobalSection(SolutionProperties) = preSolution
		HideSolutionNode = FALSE
	EndGlobalSection
	GlobalSection(ExtensibilityGlobals) = postSolution
		SolutionGuid = {39E50AFD-6907-44A4-B926-702FC8537296}
	EndGlobalSection
EndGlobal
